{
  "name": "moviecat",
  "version": "1.0.0",
  "lockfileVersion": 1,
  "requires": true,
  "dependencies": {
    "angular": {
      "version": "1.7.9",
      "resolved": "https://registry.npm.taobao.org/angular/download/angular-1.7.9.tgz",
      "integrity": "sha1-5SYW6HAcF3JMPCOM/k+URv1XC8Q="
    },
    "angular-route": {
      "version": "1.7.9",
      "resolved": "https://registry.npm.taobao.org/angular-route/download/angular-route-1.7.9.tgz",
      "integrity": "sha1-+ZEKKvC6OtepacXdNpuDYNDV5O8="
    },
    "bootstrap": {
      "version": "4.4.1",
      "resolved": "https://registry.npm.taobao.org/bootstrap/download/bootstrap-4.4.1.tgz?cache=0&sync_timestamp=1574947176564&other_urls=https%3A%2F%2Fregistry.npm.taobao.org%2Fbootstrap%2Fdownload%2Fbootstrap-4.4.1.tgz",
      "integrity": "sha1-hYKWDuoMXNK+3oTYsLrzeJw+iwE="
    },
    "jquery": {
      "version": "3.5.0",
      "resolved": "https://registry.npmjs.org/jquery/-/jquery-3.5.0.tgz",
      "integrity": "sha512-Xb7SVYMvygPxbFMpTFQiHh1J7HClEaThguL15N/Gg37Lri/qKyhRGZYzHRyLH8Stq3Aow0LsHO2O2ci86fCrNQ=="
    },
    "nprogress": {
      "version": "0.2.0",
      "resolved": "https://registry.npm.taobao.org/nprogress/download/nprogress-0.2.0.tgz",
      "integrity": "sha1-y480xTIT2JVyP8urkH6UIq28r7E="
    }
  }
}
